
Microsoft Visual Studio Solution File, Format Version 12.00
# Visual Studio Version 16
VisualStudioVersion = 16.0.29123.88
MinimumVisualStudioVersion = 10.0.40219.1
Project("{FAE04EC0-301F-11D3-BF4B-00C04F79EFBC}") = "HexKit", "HexKit\HexKit.csproj", "{3E0ED6F7-6C54-419D-A57E-48792DBD7BDE}"
EndProject
Project("{FAE04EC0-301F-11D3-BF4B-00C04F79EFBC}") = "HexKitHelper", "HexKitHelper\HexKitHelper.csproj", "{D59CCA1E-2125-4DB4-A3E4-FCE4A3615D11}"
EndProject
Global
	GlobalSection(SolutionConfigurationPlatforms) = preSolution
		Debug|Any CPU = Debug|Any CPU
		Release|Any CPU = Release|Any CPU
	EndGlobalSection
	GlobalSection(ProjectConfigurationPlatforms) = postSolution
		{3E0ED6F7-6C54-419D-A57E-48792DBD7BDE}.Debug|Any CPU.ActiveCfg = Debug|Any CPU
		{3E0ED6F7-6C54-419D-A57E-48792DBD7BDE}.Debug|Any CPU.Build.0 = Debug|Any CPU
		{3E0ED6F7-6C54-419D-A57E-48792DBD7BDE}.Release|Any CPU.ActiveCfg = Release|Any CPU
		{3E0ED6F7-6C54-419D-A57E-48792DBD7BDE}.Release|Any CPU.Build.0 = Release|Any CPU
		{D59CCA1E-2125-4DB4-A3E4-FCE4A3615D11}.Debug|Any CPU.ActiveCfg = Debug|Any CPU
		{D59CCA1E-2125-4DB4-A3E4-FCE4A3615D11}.Debug|Any CPU.Build.0 = Debug|Any CPU
		{D59CCA1E-2125-4DB4-A3E4-FCE4A3615D11}.Release|Any CPU.ActiveCfg = Release|Any CPU
		{D59CCA1E-2125-4DB4-A3E4-FCE4A3615D11}.Release|Any CPU.Build.0 = Release|Any CPU
	EndGlobalSection
	GlobalSection(SolutionProperties) = preSolution
		HideSolutionNode = FALSE
	EndGlobalSection
	GlobalSection(ExtensibilityGlobals) = postSolution
		SolutionGuid = {32522F49-D1A9-4CEB-B088-71F4A3D7022A}
	EndGlobalSection
EndGlobal
